{
    "version": 3,
    "terraform_version": "0.8.4",
    "serial": 27,
    "lineage": "d0673838-ff04-4625-822b-47539470cbc8",
    "modules": [
        {
            "path": [
                "root"
            ],
            "outputs": {},
            "resources": {
                "openstack_compute_floatingip_v2.anno-demo": {
                    "type": "openstack_compute_floatingip_v2",
                    "depends_on": [],
                    "primary": {
                        "id": "7c32dce1-11bf-4f7d-8620-ed216adc872c",
                        "attributes": {
                            "address": "185.56.130.122",
                            "fixed_ip": "192.168.35.5",
                            "id": "7c32dce1-11bf-4f7d-8620-ed216adc872c",
                            "instance_id": "bcfaca3c-1177-40aa-8ba7-2ad527c41413",
                            "pool": "ext-net",
                            "region": "cbk"
                        },
                        "meta": {},
                        "tainted": false
                    },
                    "deposed": [],
                    "provider": ""
                },
                "openstack_compute_instance_v2.anno-demo": {
                    "type": "openstack_compute_instance_v2",
                    "depends_on": [
                        "openstack_compute_floatingip_v2.anno-demo",
                        "openstack_compute_floatingip_v2.anno-demo",
                        "openstack_compute_floatingip_v2.anno-demo",
                        "openstack_compute_floatingip_v2.anno-demo",
                        "openstack_compute_keypair_v2.crosscan-chh",
                        "openstack_compute_secgroup_v2.anno-demo-app"
                    ],
                    "primary": {
                        "id": "bcfaca3c-1177-40aa-8ba7-2ad527c41413",
                        "attributes": {
                            "access_ip_v4": "185.56.130.122",
                            "access_ip_v6": "",
                            "flavor_id": "5cefe5e0-6d3c-4d37-b0e4-838f620190a1",
                            "flavor_name": "m1.small",
                            "floating_ip": "185.56.130.122",
                            "id": "bcfaca3c-1177-40aa-8ba7-2ad527c41413",
                            "image_id": "39d64de3-c562-4a80-b968-ab46a6838cf4",
                            "image_name": "Ubuntu 14.04 sys11-cloudimg amd64-2016-08-09T14:52:34Z",
                            "key_pair": "crosscan-chh",
                            "metadata.%": "0",
                            "name": "anno-demo",
                            "network.#": "1",
                            "network.0.access_network": "false",
                            "network.0.fixed_ip_v4": "192.168.35.5",
                            "network.0.fixed_ip_v6": "",
                            "network.0.floating_ip": "185.56.130.122",
                            "network.0.mac": "fa:16:3e:8a:bc:2f",
                            "network.0.name": "anno-demo",
                            "network.0.port": "",
                            "network.0.uuid": "30ceaa4a-def7-4704-a046-dafa10da9e6a",
                            "region": "cbk",
                            "security_groups.#": "2",
                            "security_groups.181572189": "anno-demo-app",
                            "security_groups.3814588639": "default",
                            "stop_before_destroy": "false",
                            "volume.#": "0"
                        },
                        "meta": {},
                        "tainted": false
                    },
                    "deposed": [],
                    "provider": ""
                },
                "openstack_compute_keypair_v2.crosscan-chh": {
                    "type": "openstack_compute_keypair_v2",
                    "depends_on": [],
                    "primary": {
                        "id": "crosscan-chh",
                        "attributes": {
                            "id": "crosscan-chh",
                            "name": "crosscan-chh",
                            "public_key": "ssh-rsa AAAAB3NzaC1yc2EAAAADAQABAAABAQC9hXRmSLWPkAZLCArJBzQMyIkW3WXLAO+T37QbjqwTwl2j2VV+DyHf8wMFVdOhFeblMFoIPyDK96fq8xS+MlhonTGh5qgEBjCWUSoWutc0JvbzNktOngdFxlNs8FjYnsuPsMbjZRDvM0wBWwsqWzEQ+5fbHcI1r8dNiS1wsVvOSi6wG5Nrf2mO2JWkr+fp+4HcaFMTPqgxqJnOA6lRkQtLmzMdbbC6R4ouNr2PcW9lZjh8CtqwBGkS+nW7IPetavCjg0a3ekczdtAonPEhpmVAjuZHpD/kGsDMDFmVJkEw192kdmgifqKzs1nhyOXefOo36KgD6YkjeealhwV8gUAX",
                            "region": "cbk"
                        },
                        "meta": {},
                        "tainted": false
                    },
                    "deposed": [],
                    "provider": ""
                },
                "openstack_compute_secgroup_v2.anno-demo-app": {
                    "type": "openstack_compute_secgroup_v2",
                    "depends_on": [],
                    "primary": {
                        "id": "f74e5668-b6d9-4c71-9020-03c6e766e7ea",
                        "attributes": {
                            "description": "Allow incoming connections for the anno-demo app server",
                            "id": "f74e5668-b6d9-4c71-9020-03c6e766e7ea",
                            "name": "anno-demo-app",
                            "region": "cbk",
                            "rule.#": "4",
                            "rule.2713773182.cidr": "0.0.0.0/0",
                            "rule.2713773182.from_group_id": "",
                            "rule.2713773182.from_port": "81",
                            "rule.2713773182.id": "bdc2c310-3efd-4e28-8999-5ed260747072",
                            "rule.2713773182.ip_protocol": "tcp",
                            "rule.2713773182.self": "false",
                            "rule.2713773182.to_port": "81",
                            "rule.3211544828.cidr": "0.0.0.0/0",
                            "rule.3211544828.from_group_id": "",
                            "rule.3211544828.from_port": "443",
                            "rule.3211544828.id": "848fa316-7a49-4fc3-b8be-a9bf55fe6a86",
                            "rule.3211544828.ip_protocol": "tcp",
                            "rule.3211544828.self": "false",
                            "rule.3211544828.to_port": "443",
                            "rule.3719211069.cidr": "0.0.0.0/0",
                            "rule.3719211069.from_group_id": "",
                            "rule.3719211069.from_port": "80",
                            "rule.3719211069.id": "eb712b6b-bd7b-4e67-9880-6282714a7ac0",
                            "rule.3719211069.ip_protocol": "tcp",
                            "rule.3719211069.self": "false",
                            "rule.3719211069.to_port": "80",
                            "rule.836640770.cidr": "0.0.0.0/0",
                            "rule.836640770.from_group_id": "",
                            "rule.836640770.from_port": "22",
                            "rule.836640770.id": "871a5ac9-4e3e-4184-a54b-45b7938ff1f3",
                            "rule.836640770.ip_protocol": "tcp",
                            "rule.836640770.self": "false",
                            "rule.836640770.to_port": "22"
                        },
                        "meta": {},
                        "tainted": false
                    },
                    "deposed": [],
                    "provider": ""
                },
                "openstack_networking_network_v2.anno-demo": {
                    "type": "openstack_networking_network_v2",
                    "depends_on": [],
                    "primary": {
                        "id": "30ceaa4a-def7-4704-a046-dafa10da9e6a",
                        "attributes": {
                            "admin_state_up": "true",
                            "id": "30ceaa4a-def7-4704-a046-dafa10da9e6a",
                            "name": "anno-demo",
                            "region": "cbk",
                            "shared": "false",
                            "tenant_id": "ead9a1a576d94995aa7bce78679d344e"
                        },
                        "meta": {},
                        "tainted": false
                    },
                    "deposed": [],
                    "provider": ""
                },
                "openstack_networking_router_interface_v2.anno-demo": {
                    "type": "openstack_networking_router_interface_v2",
                    "depends_on": [
                        "openstack_networking_router_v2.anno-demo",
                        "openstack_networking_subnet_v2.anno-demo"
                    ],
                    "primary": {
                        "id": "d2a2aa39-036c-49be-b7bf-ba9d09b9dabc",
                        "attributes": {
                            "id": "d2a2aa39-036c-49be-b7bf-ba9d09b9dabc",
                            "region": "cbk",
                            "router_id": "820fefef-5556-4950-ad02-9e82d48979ce",
                            "subnet_id": "e2b0f598-e648-4d8f-bdc2-751b12522728"
                        },
                        "meta": {},
                        "tainted": false
                    },
                    "deposed": [],
                    "provider": ""
                },
                "openstack_networking_router_v2.anno-demo": {
                    "type": "openstack_networking_router_v2",
                    "depends_on": [],
                    "primary": {
                        "id": "820fefef-5556-4950-ad02-9e82d48979ce",
                        "attributes": {
                            "admin_state_up": "true",
                            "distributed": "false",
                            "external_gateway": "caf8de33-1059-4473-a2c1-2a62d12294fa",
                            "id": "820fefef-5556-4950-ad02-9e82d48979ce",
                            "name": "anno-demo",
                            "region": "cbk",
                            "tenant_id": "ead9a1a576d94995aa7bce78679d344e"
                        },
                        "meta": {},
                        "tainted": false
                    },
                    "deposed": [],
                    "provider": ""
                },
                "openstack_networking_subnet_v2.anno-demo": {
                    "type": "openstack_networking_subnet_v2",
                    "depends_on": [
                        "openstack_networking_network_v2.anno-demo"
                    ],
                    "primary": {
                        "id": "e2b0f598-e648-4d8f-bdc2-751b12522728",
                        "attributes": {
                            "allocation_pools.#": "1",
                            "allocation_pools.0.end": "192.168.35.254",
                            "allocation_pools.0.start": "192.168.35.2",
                            "cidr": "192.168.35.0/24",
                            "dns_nameservers.#": "0",
                            "enable_dhcp": "true",
                            "gateway_ip": "192.168.35.1",
                            "host_routes.#": "0",
                            "id": "e2b0f598-e648-4d8f-bdc2-751b12522728",
                            "ip_version": "4",
                            "name": "anno-demo",
                            "network_id": "30ceaa4a-def7-4704-a046-dafa10da9e6a",
                            "region": "cbk",
                            "tenant_id": "ead9a1a576d94995aa7bce78679d344e"
                        },
                        "meta": {},
                        "tainted": false
                    },
                    "deposed": [],
                    "provider": ""
                }
            },
            "depends_on": []
        }
    ]
}
