{
    "version": 3,
    "terraform_version": "0.8.4",
    "serial": 22,
    "lineage": "d0673838-ff04-4625-822b-47539470cbc8",
    "modules": [
        {
            "path": [
                "root"
            ],
            "outputs": {},
            "resources": {
                "openstack_compute_floatingip_v2.anno-demo": {
                    "type": "openstack_compute_floatingip_v2",
                    "depends_on": [],
                    "primary": {
                        "id": "7c32dce1-11bf-4f7d-8620-ed216adc872c",
                        "attributes": {
                            "address": "185.56.130.122",
                            "fixed_ip": "192.168.35.9",
                            "id": "7c32dce1-11bf-4f7d-8620-ed216adc872c",
                            "instance_id": "47a9ef75-450d-45a6-beda-5d33d5ad9c22",
                            "pool": "ext-net",
                            "region": "cbk"
                        },
                        "meta": {},
                        "tainted": false
                    },
                    "deposed": [],
                    "provider": ""
                },
                "openstack_compute_floatingip_v2.anno-demo2": {
                    "type": "openstack_compute_floatingip_v2",
                    "depends_on": [],
                    "primary": {
                        "id": "11d29714-dce8-4e37-a1af-09e4c2e2e81d",
                        "attributes": {
                            "address": "185.56.132.21",
                            "fixed_ip": "",
                            "id": "11d29714-dce8-4e37-a1af-09e4c2e2e81d",
                            "instance_id": "",
                            "pool": "ext-net",
                            "region": "cbk"
                        },
                        "meta": {},
                        "tainted": false
                    },
                    "deposed": [],
                    "provider": ""
                },
                "openstack_compute_floatingip_v2.anno-demo3": {
                    "type": "openstack_compute_floatingip_v2",
                    "depends_on": [],
                    "primary": {
                        "id": "42f523c1-9d8a-4675-9b8f-dc427ac09157",
                        "attributes": {
                            "address": "185.56.131.1",
                            "fixed_ip": "",
                            "id": "42f523c1-9d8a-4675-9b8f-dc427ac09157",
                            "instance_id": "",
                            "pool": "ext-net",
                            "region": "cbk"
                        },
                        "meta": {},
                        "tainted": false
                    },
                    "deposed": [],
                    "provider": ""
                },
                "openstack_compute_floatingip_v2.anno-demo4": {
                    "type": "openstack_compute_floatingip_v2",
                    "depends_on": [],
                    "primary": {
                        "id": "33e9aef6-2106-473a-9991-073896674b14",
                        "attributes": {
                            "address": "185.56.130.166",
                            "fixed_ip": "",
                            "id": "33e9aef6-2106-473a-9991-073896674b14",
                            "instance_id": "",
                            "pool": "ext-net",
                            "region": "cbk"
                        },
                        "meta": {},
                        "tainted": false
                    },
                    "deposed": [],
                    "provider": ""
                },
                "openstack_compute_instance_v2.anno-demo": {
                    "type": "openstack_compute_instance_v2",
                    "depends_on": [
                        "openstack_compute_floatingip_v2.anno-demo",
                        "openstack_compute_floatingip_v2.anno-demo",
                        "openstack_compute_keypair_v2.crosscan-chh",
                        "openstack_compute_secgroup_v2.anno-demo-app"
                    ],
                    "primary": {
                        "id": "bcfaca3c-1177-40aa-8ba7-2ad527c41413",
                        "attributes": {
                            "access_ip_v4": "192.168.35.5",
                            "access_ip_v6": "",
                            "flavor_id": "368b9719-821c-4d4f-945d-4c2c569ae5d9",
                            "flavor_name": "m1.micro",
                            "floating_ip": "",
                            "id": "bcfaca3c-1177-40aa-8ba7-2ad527c41413",
                            "image_id": "39d64de3-c562-4a80-b968-ab46a6838cf4",
                            "image_name": "Ubuntu 14.04 sys11-cloudimg amd64-2016-08-09T14:52:34Z",
                            "key_pair": "crosscan-chh",
                            "metadata.%": "0",
                            "name": "anno-demo",
                            "network.#": "1",
                            "network.0.access_network": "false",
                            "network.0.fixed_ip_v4": "192.168.35.5",
                            "network.0.fixed_ip_v6": "",
                            "network.0.floating_ip": "",
                            "network.0.mac": "fa:16:3e:8a:bc:2f",
                            "network.0.name": "anno-demo",
                            "network.0.port": "",
                            "network.0.uuid": "30ceaa4a-def7-4704-a046-dafa10da9e6a",
                            "region": "cbk",
                            "security_groups.#": "2",
                            "security_groups.181572189": "anno-demo-app",
                            "security_groups.3814588639": "default",
                            "stop_before_destroy": "false",
                            "volume.#": "0"
                        },
                        "meta": {},
                        "tainted": false
                    },
                    "deposed": [],
                    "provider": ""
                },
                "openstack_compute_instance_v2.anno-demo2": {
                    "type": "openstack_compute_instance_v2",
                    "depends_on": [
                        "openstack_compute_floatingip_v2.anno-demo2",
                        "openstack_compute_floatingip_v2.anno-demo2",
                        "openstack_compute_floatingip_v2.anno-demo2",
                        "openstack_compute_secgroup_v2.anno-demo2-app"
                    ],
                    "primary": {
                        "id": "d83215ed-3109-4b6e-a265-bee88d4673e4",
                        "attributes": {
                            "access_ip_v4": "185.56.132.21",
                            "access_ip_v6": "",
                            "flavor_id": "368b9719-821c-4d4f-945d-4c2c569ae5d9",
                            "flavor_name": "m1.micro",
                            "floating_ip": "185.56.132.21",
                            "id": "d83215ed-3109-4b6e-a265-bee88d4673e4",
                            "image_id": "f28d7635-c122-4f4b-ae9a-9986b8a8c109",
                            "image_name": "Ubuntu 14.04 sys11-cloudimg amd64",
                            "key_pair": "crosscan-chh",
                            "metadata.%": "0",
                            "name": "anno-demo2",
                            "network.#": "1",
                            "network.0.access_network": "false",
                            "network.0.fixed_ip_v4": "192.168.36.2",
                            "network.0.fixed_ip_v6": "",
                            "network.0.floating_ip": "185.56.132.21",
                            "network.0.mac": "fa:16:3e:14:a7:3a",
                            "network.0.name": "anno-demo2",
                            "network.0.port": "",
                            "network.0.uuid": "2a159006-b8e0-4272-b23b-1cf023995fa3",
                            "region": "cbk",
                            "security_groups.#": "2",
                            "security_groups.3108065275": "anno-demo2-app",
                            "security_groups.3814588639": "default",
                            "stop_before_destroy": "false",
                            "volume.#": "0"
                        },
                        "meta": {},
                        "tainted": false
                    },
                    "deposed": [],
                    "provider": ""
                },
                "openstack_compute_instance_v2.anno-demo3": {
                    "type": "openstack_compute_instance_v2",
                    "depends_on": [
                        "openstack_compute_floatingip_v2.anno-demo3",
                        "openstack_compute_floatingip_v2.anno-demo3",
                        "openstack_compute_floatingip_v2.anno-demo3",
                        "openstack_compute_secgroup_v2.anno-demo3-app"
                    ],
                    "primary": {
                        "id": "f34f3d62-7010-48c8-a198-6659cbb47b97",
                        "attributes": {
                            "access_ip_v4": "185.56.131.1",
                            "access_ip_v6": "",
                            "flavor_id": "368b9719-821c-4d4f-945d-4c2c569ae5d9",
                            "flavor_name": "m1.micro",
                            "floating_ip": "185.56.131.1",
                            "id": "f34f3d62-7010-48c8-a198-6659cbb47b97",
                            "image_id": "f28d7635-c122-4f4b-ae9a-9986b8a8c109",
                            "image_name": "Ubuntu 14.04 sys11-cloudimg amd64",
                            "key_pair": "crosscan-chh",
                            "metadata.%": "0",
                            "name": "anno-demo3",
                            "network.#": "1",
                            "network.0.access_network": "false",
                            "network.0.fixed_ip_v4": "192.168.37.2",
                            "network.0.fixed_ip_v6": "",
                            "network.0.floating_ip": "185.56.131.1",
                            "network.0.mac": "fa:16:3e:8b:34:29",
                            "network.0.name": "anno-demo3",
                            "network.0.port": "",
                            "network.0.uuid": "d4df62ca-ede9-4551-830d-3af3a72f059a",
                            "region": "cbk",
                            "security_groups.#": "2",
                            "security_groups.2216781387": "anno-demo3-app",
                            "security_groups.3814588639": "default",
                            "stop_before_destroy": "false",
                            "volume.#": "0"
                        },
                        "meta": {},
                        "tainted": false
                    },
                    "deposed": [],
                    "provider": ""
                },
                "openstack_compute_instance_v2.anno-demo4": {
                    "type": "openstack_compute_instance_v2",
                    "depends_on": [
                        "openstack_compute_floatingip_v2.anno-demo4",
                        "openstack_compute_floatingip_v2.anno-demo4",
                        "openstack_compute_floatingip_v2.anno-demo4",
                        "openstack_compute_secgroup_v2.anno-demo4-app"
                    ],
                    "primary": {
                        "id": "d877a059-c6bc-4932-bcfb-df249b1a87a8",
                        "attributes": {
                            "access_ip_v4": "185.56.130.166",
                            "access_ip_v6": "",
                            "flavor_id": "368b9719-821c-4d4f-945d-4c2c569ae5d9",
                            "flavor_name": "m1.micro",
                            "floating_ip": "185.56.130.166",
                            "id": "d877a059-c6bc-4932-bcfb-df249b1a87a8",
                            "image_id": "f28d7635-c122-4f4b-ae9a-9986b8a8c109",
                            "image_name": "Ubuntu 14.04 sys11-cloudimg amd64",
                            "key_pair": "crosscan-chh",
                            "metadata.%": "0",
                            "name": "anno-demo4",
                            "network.#": "1",
                            "network.0.access_network": "false",
                            "network.0.fixed_ip_v4": "192.168.38.2",
                            "network.0.fixed_ip_v6": "",
                            "network.0.floating_ip": "185.56.130.166",
                            "network.0.mac": "fa:16:3e:23:64:ef",
                            "network.0.name": "anno-demo4",
                            "network.0.port": "",
                            "network.0.uuid": "0b03fdcb-d1aa-41ab-b776-6d6610f6c7e2",
                            "region": "cbk",
                            "security_groups.#": "2",
                            "security_groups.3814588639": "default",
                            "security_groups.906082907": "anno-demo4-app",
                            "stop_before_destroy": "false",
                            "volume.#": "0"
                        },
                        "meta": {},
                        "tainted": false
                    },
                    "deposed": [],
                    "provider": ""
                },
                "openstack_compute_instance_v2.anno-demo-5": {
                    "type": "openstack_compute_instance_v2",
                    "depends_on": [
                        "openstack_compute_floatingip_v2.anno-demo",
                        "openstack_compute_floatingip_v2.anno-demo",
                        "openstack_compute_floatingip_v2.anno-demo",
                        "openstack_compute_keypair_v2.crosscan-chh",
                        "openstack_compute_secgroup_v2.anno-demo-app"
                    ],
                    "primary": {
                        "id": "37287149-8535-4652-9093-5d3964958dcc",
                        "attributes": {
                            "access_ip_v4": "192.168.35.15",
                            "access_ip_v6": "",
                            "flavor_id": "368b9719-821c-4d4f-945d-4c2c569ae5d9",
                            "flavor_name": "m1.micro",
                            "id": "37287149-8535-4652-9093-5d3964958dcc",
                            "image_id": "f28d7635-c122-4f4b-ae9a-9986b8a8c109",
                            "image_name": "Ubuntu 14.04 sys11-cloudimg amd64",
                            "key_pair": "crosscan-chh",
                            "metadata.%": "0",
                            "name": "anno-demo-5",
                            "network.#": "1",
                            "network.0.access_network": "false",
                            "network.0.fixed_ip_v4": "192.168.35.15",
                            "network.0.fixed_ip_v6": "",
                            "network.0.floating_ip": "",
                            "network.0.mac": "fa:16:3e:0c:34:88",
                            "network.0.name": "anno-demo",
                            "network.0.port": "",
                            "network.0.uuid": "30ceaa4a-def7-4704-a046-dafa10da9e6a",
                            "region": "cbk",
                            "security_groups.#": "2",
                            "security_groups.181572189": "anno-demo-app",
                            "security_groups.3814588639": "default",
                            "stop_before_destroy": "false",
                            "volume.#": "0"
                        },
                        "meta": {},
                        "tainted": false
                    },
                    "deposed": [],
                    "provider": ""
                },
                "openstack_compute_instance_v2.playground-proxy": {
                    "type": "openstack_compute_instance_v2",
                    "depends_on": [
                        "openstack_compute_floatingip_v2.anno-demo",
                        "openstack_compute_floatingip_v2.anno-demo",
                        "openstack_compute_floatingip_v2.anno-demo",
                        "openstack_compute_keypair_v2.crosscan-chh",
                        "openstack_compute_secgroup_v2.anno-demo-app"
                    ],
                    "primary": {
                        "id": "47a9ef75-450d-45a6-beda-5d33d5ad9c22",
                        "attributes": {
                            "access_ip_v4": "185.56.130.122",
                            "access_ip_v6": "",
                            "flavor_id": "368b9719-821c-4d4f-945d-4c2c569ae5d9",
                            "flavor_name": "m1.micro",
                            "floating_ip": "185.56.130.122",
                            "id": "47a9ef75-450d-45a6-beda-5d33d5ad9c22",
                            "image_id": "f28d7635-c122-4f4b-ae9a-9986b8a8c109",
                            "image_name": "Ubuntu 14.04 sys11-cloudimg amd64",
                            "key_pair": "crosscan-chh",
                            "metadata.%": "0",
                            "name": "playground-proxy",
                            "network.#": "1",
                            "network.0.access_network": "false",
                            "network.0.fixed_ip_v4": "192.168.35.9",
                            "network.0.fixed_ip_v6": "",
                            "network.0.floating_ip": "185.56.130.122",
                            "network.0.mac": "fa:16:3e:e1:4f:35",
                            "network.0.name": "anno-demo",
                            "network.0.port": "",
                            "network.0.uuid": "30ceaa4a-def7-4704-a046-dafa10da9e6a",
                            "region": "cbk",
                            "security_groups.#": "2",
                            "security_groups.181572189": "anno-demo-app",
                            "security_groups.3814588639": "default",
                            "stop_before_destroy": "false",
                            "volume.#": "0"
                        },
                        "meta": {},
                        "tainted": false
                    },
                    "deposed": [],
                    "provider": ""
                },
                "openstack_compute_keypair_v2.crosscan-chh": {
                    "type": "openstack_compute_keypair_v2",
                    "depends_on": [],
                    "primary": {
                        "id": "crosscan-chh",
                        "attributes": {
                            "id": "crosscan-chh",
                            "name": "crosscan-chh",
                            "public_key": "ssh-rsa AAAAB3NzaC1yc2EAAAADAQABAAABAQC9hXRmSLWPkAZLCArJBzQMyIkW3WXLAO+T37QbjqwTwl2j2VV+DyHf8wMFVdOhFeblMFoIPyDK96fq8xS+MlhonTGh5qgEBjCWUSoWutc0JvbzNktOngdFxlNs8FjYnsuPsMbjZRDvM0wBWwsqWzEQ+5fbHcI1r8dNiS1wsVvOSi6wG5Nrf2mO2JWkr+fp+4HcaFMTPqgxqJnOA6lRkQtLmzMdbbC6R4ouNr2PcW9lZjh8CtqwBGkS+nW7IPetavCjg0a3ekczdtAonPEhpmVAjuZHpD/kGsDMDFmVJkEw192kdmgifqKzs1nhyOXefOo36KgD6YkjeealhwV8gUAX",
                            "region": "cbk"
                        },
                        "meta": {},
                        "tainted": false
                    },
                    "deposed": [],
                    "provider": ""
                },
                "openstack_compute_secgroup_v2.anno-demo-app": {
                    "type": "openstack_compute_secgroup_v2",
                    "depends_on": [],
                    "primary": {
                        "id": "f74e5668-b6d9-4c71-9020-03c6e766e7ea",
                        "attributes": {
                            "description": "Allow incoming connections for the anno-demo app server",
                            "id": "f74e5668-b6d9-4c71-9020-03c6e766e7ea",
                            "name": "anno-demo-app",
                            "region": "cbk",
                            "rule.#": "4",
                            "rule.2713773182.cidr": "0.0.0.0/0",
                            "rule.2713773182.from_group_id": "",
                            "rule.2713773182.from_port": "81",
                            "rule.2713773182.id": "bdc2c310-3efd-4e28-8999-5ed260747072",
                            "rule.2713773182.ip_protocol": "tcp",
                            "rule.2713773182.self": "false",
                            "rule.2713773182.to_port": "81",
                            "rule.3211544828.cidr": "0.0.0.0/0",
                            "rule.3211544828.from_group_id": "",
                            "rule.3211544828.from_port": "443",
                            "rule.3211544828.id": "848fa316-7a49-4fc3-b8be-a9bf55fe6a86",
                            "rule.3211544828.ip_protocol": "tcp",
                            "rule.3211544828.self": "false",
                            "rule.3211544828.to_port": "443",
                            "rule.3719211069.cidr": "0.0.0.0/0",
                            "rule.3719211069.from_group_id": "",
                            "rule.3719211069.from_port": "80",
                            "rule.3719211069.id": "eb712b6b-bd7b-4e67-9880-6282714a7ac0",
                            "rule.3719211069.ip_protocol": "tcp",
                            "rule.3719211069.self": "false",
                            "rule.3719211069.to_port": "80",
                            "rule.836640770.cidr": "0.0.0.0/0",
                            "rule.836640770.from_group_id": "",
                            "rule.836640770.from_port": "22",
                            "rule.836640770.id": "871a5ac9-4e3e-4184-a54b-45b7938ff1f3",
                            "rule.836640770.ip_protocol": "tcp",
                            "rule.836640770.self": "false",
                            "rule.836640770.to_port": "22"
                        },
                        "meta": {},
                        "tainted": false
                    },
                    "deposed": [],
                    "provider": ""
                },
                "openstack_compute_secgroup_v2.anno-demo2-app": {
                    "type": "openstack_compute_secgroup_v2",
                    "depends_on": [],
                    "primary": {
                        "id": "c46e49c4-043f-44c3-abf3-009d3f6dc2aa",
                        "attributes": {
                            "description": "Allow incoming connections for the anno-demo2 app server",
                            "id": "c46e49c4-043f-44c3-abf3-009d3f6dc2aa",
                            "name": "anno-demo2-app",
                            "region": "cbk",
                            "rule.#": "4",
                            "rule.2713773182.cidr": "0.0.0.0/0",
                            "rule.2713773182.from_group_id": "",
                            "rule.2713773182.from_port": "81",
                            "rule.2713773182.id": "c6b27dc4-268d-4dca-a3bb-f1b00ce89c51",
                            "rule.2713773182.ip_protocol": "tcp",
                            "rule.2713773182.self": "false",
                            "rule.2713773182.to_port": "81",
                            "rule.3211544828.cidr": "0.0.0.0/0",
                            "rule.3211544828.from_group_id": "",
                            "rule.3211544828.from_port": "443",
                            "rule.3211544828.id": "6682d9d3-a498-4cb2-81c0-06d4eb3519f1",
                            "rule.3211544828.ip_protocol": "tcp",
                            "rule.3211544828.self": "false",
                            "rule.3211544828.to_port": "443",
                            "rule.3719211069.cidr": "0.0.0.0/0",
                            "rule.3719211069.from_group_id": "",
                            "rule.3719211069.from_port": "80",
                            "rule.3719211069.id": "62c372c3-314e-4ea7-82f6-d9238452e976",
                            "rule.3719211069.ip_protocol": "tcp",
                            "rule.3719211069.self": "false",
                            "rule.3719211069.to_port": "80",
                            "rule.836640770.cidr": "0.0.0.0/0",
                            "rule.836640770.from_group_id": "",
                            "rule.836640770.from_port": "22",
                            "rule.836640770.id": "bebe7b59-ba0a-4b15-b403-4f1d3f08cded",
                            "rule.836640770.ip_protocol": "tcp",
                            "rule.836640770.self": "false",
                            "rule.836640770.to_port": "22"
                        },
                        "meta": {},
                        "tainted": false
                    },
                    "deposed": [],
                    "provider": ""
                },
                "openstack_compute_secgroup_v2.anno-demo3-app": {
                    "type": "openstack_compute_secgroup_v2",
                    "depends_on": [],
                    "primary": {
                        "id": "176fcd98-ac20-4f77-9b77-ab8addddffdd",
                        "attributes": {
                            "description": "Allow incoming connections for the anno-demo3 app server",
                            "id": "176fcd98-ac20-4f77-9b77-ab8addddffdd",
                            "name": "anno-demo3-app",
                            "region": "cbk",
                            "rule.#": "4",
                            "rule.2713773182.cidr": "0.0.0.0/0",
                            "rule.2713773182.from_group_id": "",
                            "rule.2713773182.from_port": "81",
                            "rule.2713773182.id": "5672eed8-b14b-4935-b894-96077e0f1fa8",
                            "rule.2713773182.ip_protocol": "tcp",
                            "rule.2713773182.self": "false",
                            "rule.2713773182.to_port": "81",
                            "rule.3211544828.cidr": "0.0.0.0/0",
                            "rule.3211544828.from_group_id": "",
                            "rule.3211544828.from_port": "443",
                            "rule.3211544828.id": "15aa101a-d581-4914-872c-d862392f25dc",
                            "rule.3211544828.ip_protocol": "tcp",
                            "rule.3211544828.self": "false",
                            "rule.3211544828.to_port": "443",
                            "rule.3719211069.cidr": "0.0.0.0/0",
                            "rule.3719211069.from_group_id": "",
                            "rule.3719211069.from_port": "80",
                            "rule.3719211069.id": "1659ce4c-7c58-42d4-9314-01a40ebbda2e",
                            "rule.3719211069.ip_protocol": "tcp",
                            "rule.3719211069.self": "false",
                            "rule.3719211069.to_port": "80",
                            "rule.836640770.cidr": "0.0.0.0/0",
                            "rule.836640770.from_group_id": "",
                            "rule.836640770.from_port": "22",
                            "rule.836640770.id": "98d41f28-5253-4793-b463-a12512fcf28d",
                            "rule.836640770.ip_protocol": "tcp",
                            "rule.836640770.self": "false",
                            "rule.836640770.to_port": "22"
                        },
                        "meta": {},
                        "tainted": false
                    },
                    "deposed": [],
                    "provider": ""
                },
                "openstack_compute_secgroup_v2.anno-demo4-app": {
                    "type": "openstack_compute_secgroup_v2",
                    "depends_on": [],
                    "primary": {
                        "id": "73db12a0-6438-4d13-98c9-c3a006c971bc",
                        "attributes": {
                            "description": "Allow incoming connections for the anno-demo4 app server",
                            "id": "73db12a0-6438-4d13-98c9-c3a006c971bc",
                            "name": "anno-demo4-app",
                            "region": "cbk",
                            "rule.#": "4",
                            "rule.2713773182.cidr": "0.0.0.0/0",
                            "rule.2713773182.from_group_id": "",
                            "rule.2713773182.from_port": "81",
                            "rule.2713773182.id": "5cc6ba4d-0af4-4160-9b76-bf1af8127a01",
                            "rule.2713773182.ip_protocol": "tcp",
                            "rule.2713773182.self": "false",
                            "rule.2713773182.to_port": "81",
                            "rule.3211544828.cidr": "0.0.0.0/0",
                            "rule.3211544828.from_group_id": "",
                            "rule.3211544828.from_port": "443",
                            "rule.3211544828.id": "8db0b3db-5040-4308-a8b4-3df8861f0a45",
                            "rule.3211544828.ip_protocol": "tcp",
                            "rule.3211544828.self": "false",
                            "rule.3211544828.to_port": "443",
                            "rule.3719211069.cidr": "0.0.0.0/0",
                            "rule.3719211069.from_group_id": "",
                            "rule.3719211069.from_port": "80",
                            "rule.3719211069.id": "425a8ab4-55f1-4a2e-b1c0-979fe8d6dbaf",
                            "rule.3719211069.ip_protocol": "tcp",
                            "rule.3719211069.self": "false",
                            "rule.3719211069.to_port": "80",
                            "rule.836640770.cidr": "0.0.0.0/0",
                            "rule.836640770.from_group_id": "",
                            "rule.836640770.from_port": "22",
                            "rule.836640770.id": "7d0195dc-0330-491b-b248-60c0d841549e",
                            "rule.836640770.ip_protocol": "tcp",
                            "rule.836640770.self": "false",
                            "rule.836640770.to_port": "22"
                        },
                        "meta": {},
                        "tainted": false
                    },
                    "deposed": [],
                    "provider": ""
                },
                "openstack_networking_network_v2.anno-demo": {
                    "type": "openstack_networking_network_v2",
                    "depends_on": [],
                    "primary": {
                        "id": "30ceaa4a-def7-4704-a046-dafa10da9e6a",
                        "attributes": {
                            "admin_state_up": "true",
                            "id": "30ceaa4a-def7-4704-a046-dafa10da9e6a",
                            "name": "anno-demo",
                            "region": "cbk",
                            "shared": "false",
                            "tenant_id": "ead9a1a576d94995aa7bce78679d344e"
                        },
                        "meta": {},
                        "tainted": false
                    },
                    "deposed": [],
                    "provider": ""
                },
                "openstack_networking_network_v2.anno-demo2": {
                    "type": "openstack_networking_network_v2",
                    "depends_on": [],
                    "primary": {
                        "id": "2a159006-b8e0-4272-b23b-1cf023995fa3",
                        "attributes": {
                            "admin_state_up": "true",
                            "id": "2a159006-b8e0-4272-b23b-1cf023995fa3",
                            "name": "anno-demo2",
                            "region": "cbk",
                            "shared": "false",
                            "tenant_id": "ead9a1a576d94995aa7bce78679d344e"
                        },
                        "meta": {},
                        "tainted": false
                    },
                    "deposed": [],
                    "provider": ""
                },
                "openstack_networking_network_v2.anno-demo3": {
                    "type": "openstack_networking_network_v2",
                    "depends_on": [],
                    "primary": {
                        "id": "d4df62ca-ede9-4551-830d-3af3a72f059a",
                        "attributes": {
                            "admin_state_up": "true",
                            "id": "d4df62ca-ede9-4551-830d-3af3a72f059a",
                            "name": "anno-demo3",
                            "region": "cbk",
                            "shared": "false",
                            "tenant_id": "ead9a1a576d94995aa7bce78679d344e"
                        },
                        "meta": {},
                        "tainted": false
                    },
                    "deposed": [],
                    "provider": ""
                },
                "openstack_networking_network_v2.anno-demo4": {
                    "type": "openstack_networking_network_v2",
                    "depends_on": [],
                    "primary": {
                        "id": "0b03fdcb-d1aa-41ab-b776-6d6610f6c7e2",
                        "attributes": {
                            "admin_state_up": "true",
                            "id": "0b03fdcb-d1aa-41ab-b776-6d6610f6c7e2",
                            "name": "anno-demo4",
                            "region": "cbk",
                            "shared": "false",
                            "tenant_id": "ead9a1a576d94995aa7bce78679d344e"
                        },
                        "meta": {},
                        "tainted": false
                    },
                    "deposed": [],
                    "provider": ""
                },
                "openstack_networking_router_interface_v2.anno-demo": {
                    "type": "openstack_networking_router_interface_v2",
                    "depends_on": [
                        "openstack_networking_router_v2.anno-demo",
                        "openstack_networking_subnet_v2.anno-demo"
                    ],
                    "primary": {
                        "id": "d2a2aa39-036c-49be-b7bf-ba9d09b9dabc",
                        "attributes": {
                            "id": "d2a2aa39-036c-49be-b7bf-ba9d09b9dabc",
                            "region": "cbk",
                            "router_id": "820fefef-5556-4950-ad02-9e82d48979ce",
                            "subnet_id": "e2b0f598-e648-4d8f-bdc2-751b12522728"
                        },
                        "meta": {},
                        "tainted": false
                    },
                    "deposed": [],
                    "provider": ""
                },
                "openstack_networking_router_interface_v2.anno-demo2": {
                    "type": "openstack_networking_router_interface_v2",
                    "depends_on": [
                        "openstack_networking_router_v2.anno-demo2",
                        "openstack_networking_subnet_v2.anno-demo2"
                    ],
                    "primary": {
                        "id": "e6b4151d-f45a-4bd8-9b60-070af0255689",
                        "attributes": {
                            "id": "e6b4151d-f45a-4bd8-9b60-070af0255689",
                            "region": "cbk",
                            "router_id": "bc5990a5-494a-4d0c-bcfc-e572074bed4f",
                            "subnet_id": "2a32e4cc-6f17-4332-9ba5-8c89580c309e"
                        },
                        "meta": {},
                        "tainted": false
                    },
                    "deposed": [],
                    "provider": ""
                },
                "openstack_networking_router_interface_v2.anno-demo3": {
                    "type": "openstack_networking_router_interface_v2",
                    "depends_on": [
                        "openstack_networking_router_v2.anno-demo3",
                        "openstack_networking_subnet_v2.anno-demo3"
                    ],
                    "primary": {
                        "id": "93b5359e-104a-439b-96c3-5358ae70ea0f",
                        "attributes": {
                            "id": "93b5359e-104a-439b-96c3-5358ae70ea0f",
                            "region": "cbk",
                            "router_id": "b8886fe9-edef-46eb-bbd7-e16c19ddc56a",
                            "subnet_id": "4be6a684-2c14-479d-819f-498e693ab008"
                        },
                        "meta": {},
                        "tainted": false
                    },
                    "deposed": [],
                    "provider": ""
                },
                "openstack_networking_router_interface_v2.anno-demo4": {
                    "type": "openstack_networking_router_interface_v2",
                    "depends_on": [
                        "openstack_networking_router_v2.anno-demo4",
                        "openstack_networking_subnet_v2.anno-demo4"
                    ],
                    "primary": {
                        "id": "cfb8b658-ea9c-4a09-b10c-b76d4a6ed978",
                        "attributes": {
                            "id": "cfb8b658-ea9c-4a09-b10c-b76d4a6ed978",
                            "region": "cbk",
                            "router_id": "236ae244-1594-4602-9bf6-296a5a5edaf3",
                            "subnet_id": "f7063072-5077-4fdb-b100-1c52de925df3"
                        },
                        "meta": {},
                        "tainted": false
                    },
                    "deposed": [],
                    "provider": ""
                },
                "openstack_networking_router_v2.anno-demo": {
                    "type": "openstack_networking_router_v2",
                    "depends_on": [],
                    "primary": {
                        "id": "820fefef-5556-4950-ad02-9e82d48979ce",
                        "attributes": {
                            "admin_state_up": "true",
                            "distributed": "false",
                            "external_gateway": "caf8de33-1059-4473-a2c1-2a62d12294fa",
                            "id": "820fefef-5556-4950-ad02-9e82d48979ce",
                            "name": "anno-demo",
                            "region": "cbk",
                            "tenant_id": "ead9a1a576d94995aa7bce78679d344e"
                        },
                        "meta": {},
                        "tainted": false
                    },
                    "deposed": [],
                    "provider": ""
                },
                "openstack_networking_router_v2.anno-demo2": {
                    "type": "openstack_networking_router_v2",
                    "depends_on": [],
                    "primary": {
                        "id": "bc5990a5-494a-4d0c-bcfc-e572074bed4f",
                        "attributes": {
                            "admin_state_up": "true",
                            "distributed": "false",
                            "external_gateway": "caf8de33-1059-4473-a2c1-2a62d12294fa",
                            "id": "bc5990a5-494a-4d0c-bcfc-e572074bed4f",
                            "name": "anno-demo",
                            "region": "cbk",
                            "tenant_id": "ead9a1a576d94995aa7bce78679d344e"
                        },
                        "meta": {},
                        "tainted": false
                    },
                    "deposed": [],
                    "provider": ""
                },
                "openstack_networking_router_v2.anno-demo3": {
                    "type": "openstack_networking_router_v2",
                    "depends_on": [],
                    "primary": {
                        "id": "b8886fe9-edef-46eb-bbd7-e16c19ddc56a",
                        "attributes": {
                            "admin_state_up": "true",
                            "distributed": "false",
                            "external_gateway": "caf8de33-1059-4473-a2c1-2a62d12294fa",
                            "id": "b8886fe9-edef-46eb-bbd7-e16c19ddc56a",
                            "name": "anno-demo3",
                            "region": "cbk",
                            "tenant_id": "ead9a1a576d94995aa7bce78679d344e"
                        },
                        "meta": {},
                        "tainted": false
                    },
                    "deposed": [],
                    "provider": ""
                },
                "openstack_networking_router_v2.anno-demo4": {
                    "type": "openstack_networking_router_v2",
                    "depends_on": [],
                    "primary": {
                        "id": "236ae244-1594-4602-9bf6-296a5a5edaf3",
                        "attributes": {
                            "admin_state_up": "true",
                            "distributed": "false",
                            "external_gateway": "caf8de33-1059-4473-a2c1-2a62d12294fa",
                            "id": "236ae244-1594-4602-9bf6-296a5a5edaf3",
                            "name": "anno-demo4",
                            "region": "cbk",
                            "tenant_id": "ead9a1a576d94995aa7bce78679d344e"
                        },
                        "meta": {},
                        "tainted": false
                    },
                    "deposed": [],
                    "provider": ""
                },
                "openstack_networking_subnet_v2.anno-demo": {
                    "type": "openstack_networking_subnet_v2",
                    "depends_on": [
                        "openstack_networking_network_v2.anno-demo"
                    ],
                    "primary": {
                        "id": "e2b0f598-e648-4d8f-bdc2-751b12522728",
                        "attributes": {
                            "allocation_pools.#": "1",
                            "allocation_pools.0.end": "192.168.35.254",
                            "allocation_pools.0.start": "192.168.35.2",
                            "cidr": "192.168.35.0/24",
                            "dns_nameservers.#": "0",
                            "enable_dhcp": "true",
                            "gateway_ip": "192.168.35.1",
                            "host_routes.#": "0",
                            "id": "e2b0f598-e648-4d8f-bdc2-751b12522728",
                            "ip_version": "4",
                            "name": "anno-demo",
                            "network_id": "30ceaa4a-def7-4704-a046-dafa10da9e6a",
                            "region": "cbk",
                            "tenant_id": "ead9a1a576d94995aa7bce78679d344e"
                        },
                        "meta": {},
                        "tainted": false
                    },
                    "deposed": [],
                    "provider": ""
                },
                "openstack_networking_subnet_v2.anno-demo2": {
                    "type": "openstack_networking_subnet_v2",
                    "depends_on": [
                        "openstack_networking_network_v2.anno-demo2"
                    ],
                    "primary": {
                        "id": "2a32e4cc-6f17-4332-9ba5-8c89580c309e",
                        "attributes": {
                            "cidr": "192.168.36.0/24",
                            "dns_nameservers.#": "0",
                            "enable_dhcp": "true",
                            "gateway_ip": "192.168.36.1",
                            "host_routes.#": "0",
                            "id": "2a32e4cc-6f17-4332-9ba5-8c89580c309e",
                            "ip_version": "4",
                            "name": "anno-demo",
                            "network_id": "2a159006-b8e0-4272-b23b-1cf023995fa3",
                            "region": "cbk",
                            "tenant_id": "ead9a1a576d94995aa7bce78679d344e"
                        },
                        "meta": {},
                        "tainted": false
                    },
                    "deposed": [],
                    "provider": ""
                },
                "openstack_networking_subnet_v2.anno-demo3": {
                    "type": "openstack_networking_subnet_v2",
                    "depends_on": [
                        "openstack_networking_network_v2.anno-demo3"
                    ],
                    "primary": {
                        "id": "4be6a684-2c14-479d-819f-498e693ab008",
                        "attributes": {
                            "cidr": "192.168.37.0/24",
                            "dns_nameservers.#": "0",
                            "enable_dhcp": "true",
                            "gateway_ip": "192.168.37.1",
                            "host_routes.#": "0",
                            "id": "4be6a684-2c14-479d-819f-498e693ab008",
                            "ip_version": "4",
                            "name": "anno-demo3",
                            "network_id": "d4df62ca-ede9-4551-830d-3af3a72f059a",
                            "region": "cbk",
                            "tenant_id": "ead9a1a576d94995aa7bce78679d344e"
                        },
                        "meta": {},
                        "tainted": false
                    },
                    "deposed": [],
                    "provider": ""
                },
                "openstack_networking_subnet_v2.anno-demo4": {
                    "type": "openstack_networking_subnet_v2",
                    "depends_on": [
                        "openstack_networking_network_v2.anno-demo4"
                    ],
                    "primary": {
                        "id": "f7063072-5077-4fdb-b100-1c52de925df3",
                        "attributes": {
                            "allocation_pools.#": "1",
                            "allocation_pools.0.end": "192.168.38.254",
                            "allocation_pools.0.start": "192.168.38.2",
                            "cidr": "192.168.38.0/24",
                            "dns_nameservers.#": "0",
                            "enable_dhcp": "true",
                            "gateway_ip": "192.168.38.1",
                            "host_routes.#": "0",
                            "id": "f7063072-5077-4fdb-b100-1c52de925df3",
                            "ip_version": "4",
                            "name": "anno-demo4",
                            "network_id": "0b03fdcb-d1aa-41ab-b776-6d6610f6c7e2",
                            "region": "cbk",
                            "tenant_id": "ead9a1a576d94995aa7bce78679d344e"
                        },
                        "meta": {},
                        "tainted": false
                    },
                    "deposed": [],
                    "provider": ""
                }
            },
            "depends_on": []
        }
    ]
}
